
Microsoft Visual Studio Solution File, Format Version 12.00
# Visual Studio Version 16
VisualStudioVersion = 16.0.31313.79
MinimumVisualStudioVersion = 10.0.40219.1
Project("{FAE04EC0-301F-11D3-BF4B-00C04F79EFBC}") = "Commander", "Commander\Commander.csproj", "{22101F28-9119-42C7-B5D3-A7F2497E4DA6}"
EndProject
Project("{FAE04EC0-301F-11D3-BF4B-00C04F79EFBC}") = "Commander.Core", "Commander.Core\Commander.Core.csproj", "{47D7FC94-6468-45F5-A138-2D89638B735D}"
EndProject
Project("{FAE04EC0-301F-11D3-BF4B-00C04F79EFBC}") = "Commander.Data", "Commander.Data\Commander.Data.csproj", "{F5E9C262-D25C-41F5-89CA-91B767F59BB4}"
EndProject
Global
	GlobalSection(SolutionConfigurationPlatforms) = preSolution
		Debug|Any CPU = Debug|Any CPU
		Release|Any CPU = Release|Any CPU
	EndGlobalSection
	GlobalSection(ProjectConfigurationPlatforms) = postSolution
		{22101F28-9119-42C7-B5D3-A7F2497E4DA6}.Debug|Any CPU.ActiveCfg = Debug|Any CPU
		{22101F28-9119-42C7-B5D3-A7F2497E4DA6}.Debug|Any CPU.Build.0 = Debug|Any CPU
		{22101F28-9119-42C7-B5D3-A7F2497E4DA6}.Release|Any CPU.ActiveCfg = Release|Any CPU
		{22101F28-9119-42C7-B5D3-A7F2497E4DA6}.Release|Any CPU.Build.0 = Release|Any CPU
		{47D7FC94-6468-45F5-A138-2D89638B735D}.Debug|Any CPU.ActiveCfg = Debug|Any CPU
		{47D7FC94-6468-45F5-A138-2D89638B735D}.Debug|Any CPU.Build.0 = Debug|Any CPU
		{47D7FC94-6468-45F5-A138-2D89638B735D}.Release|Any CPU.ActiveCfg = Release|Any CPU
		{47D7FC94-6468-45F5-A138-2D89638B735D}.Release|Any CPU.Build.0 = Release|Any CPU
		{F5E9C262-D25C-41F5-89CA-91B767F59BB4}.Debug|Any CPU.ActiveCfg = Debug|Any CPU
		{F5E9C262-D25C-41F5-89CA-91B767F59BB4}.Debug|Any CPU.Build.0 = Debug|Any CPU
		{F5E9C262-D25C-41F5-89CA-91B767F59BB4}.Release|Any CPU.ActiveCfg = Release|Any CPU
		{F5E9C262-D25C-41F5-89CA-91B767F59BB4}.Release|Any CPU.Build.0 = Release|Any CPU
	EndGlobalSection
	GlobalSection(SolutionProperties) = preSolution
		HideSolutionNode = FALSE
	EndGlobalSection
	GlobalSection(ExtensibilityGlobals) = postSolution
		SolutionGuid = {4463AC21-E7F2-4703-AB89-0A18F11D9568}
	EndGlobalSection
EndGlobal
